# This file is automatically @generated by Cargo.
# It is not intended for manual editing.
version = 4

[[package]]
name = "bitflags"
version = "0.1.1"
source = "registry+https://github.com/rust-lang/crates.io-index"
checksum = "2a6577517ecd0ee0934f48a7295a89aaef3e6dfafeac404f94c0b3448518ddfe"

[[package]]
name = "gcc"
version = "0.3.55"
source = "registry+https://github.com/rust-lang/crates.io-index"
checksum = "8f5f3913fa0bfe7ee1fd8248b6b9f42a5af4b9d65ec2dd2c3c26132b950ecfc2"

[[package]]
name = "libc"
version = "0.2.170"
source = "registry+https://github.com/rust-lang/crates.io-index"
checksum = "875b3680cb2f8f71bdcf9a30f38d48282f5d3c95cbf9b3fa57269bb5d5c06828"

[[package]]
name = "lua"
version = "0.0.10"
source = "registry+https://github.com/rust-lang/crates.io-index"
checksum = "652f45fa7edd0b02ae5e8629930046eaf105edf4fe10b609071b2938470232f2"
dependencies = [
 "bitflags",
 "gcc",
 "libc",
]

[[package]]
name = "lua"
version = "0.1.0"
dependencies = [
 "lua 0.0.10",
]
